
Microsoft Visual Studio Solution File, Format Version 12.00
# Visual Studio 15
VisualStudioVersion = 15.0.27130.2027
MinimumVisualStudioVersion = 10.0.40219.1
Project("{FAE04EC0-301F-11D3-BF4B-00C04F79EFBC}") = "Crad.Caching.CosmosDb", "Crad.Caching.CosmosDb\Crad.Caching.CosmosDb.csproj", "{FA18AC54-4314-4B00-B462-B9AFD3ACF0EF}"
EndProject
Project("{FAE04EC0-301F-11D3-BF4B-00C04F79EFBC}") = "SampleWebApi", "SampleWebApi\SampleWebApi.csproj", "{5CB79981-9646-498B-8467-0F5922E06C95}"
EndProject
Global
	GlobalSection(SolutionConfigurationPlatforms) = preSolution
		Debug|Any CPU = Debug|Any CPU
		Release|Any CPU = Release|Any CPU
	EndGlobalSection
	GlobalSection(ProjectConfigurationPlatforms) = postSolution
		{FA18AC54-4314-4B00-B462-B9AFD3ACF0EF}.Debug|Any CPU.ActiveCfg = Debug|Any CPU
		{FA18AC54-4314-4B00-B462-B9AFD3ACF0EF}.Debug|Any CPU.Build.0 = Debug|Any CPU
		{FA18AC54-4314-4B00-B462-B9AFD3ACF0EF}.Release|Any CPU.ActiveCfg = Release|Any CPU
		{FA18AC54-4314-4B00-B462-B9AFD3ACF0EF}.Release|Any CPU.Build.0 = Release|Any CPU
		{5CB79981-9646-498B-8467-0F5922E06C95}.Debug|Any CPU.ActiveCfg = Debug|Any CPU
		{5CB79981-9646-498B-8467-0F5922E06C95}.Debug|Any CPU.Build.0 = Debug|Any CPU
		{5CB79981-9646-498B-8467-0F5922E06C95}.Release|Any CPU.ActiveCfg = Release|Any CPU
		{5CB79981-9646-498B-8467-0F5922E06C95}.Release|Any CPU.Build.0 = Release|Any CPU
	EndGlobalSection
	GlobalSection(SolutionProperties) = preSolution
		HideSolutionNode = FALSE
	EndGlobalSection
	GlobalSection(ExtensibilityGlobals) = postSolution
		SolutionGuid = {52460E35-617E-41CE-B8D9-B74091599034}
	EndGlobalSection
EndGlobal
